
Microsoft Visual Studio Solution File, Format Version 12.00
# Visual Studio Version 16
VisualStudioVersion = 16.0.32228.343
MinimumVisualStudioVersion = 10.0.40219.1
Project("{FAE04EC0-301F-11D3-BF4B-00C04F79EFBC}") = "Мессенджер", "Мессенджер\Мессенджер.csproj", "{0F253595-03A4-4CDA-8561-9E7525535ABD}"
EndProject
Global
	GlobalSection(SolutionConfigurationPlatforms) = preSolution
		Debug|Any CPU = Debug|Any CPU
		Release|Any CPU = Release|Any CPU
	EndGlobalSection
	GlobalSection(ProjectConfigurationPlatforms) = postSolution
		{0F253595-03A4-4CDA-8561-9E7525535ABD}.Debug|Any CPU.ActiveCfg = Debug|Any CPU
		{0F253595-03A4-4CDA-8561-9E7525535ABD}.Debug|Any CPU.Build.0 = Debug|Any CPU
		{0F253595-03A4-4CDA-8561-9E7525535ABD}.Release|Any CPU.ActiveCfg = Release|Any CPU
		{0F253595-03A4-4CDA-8561-9E7525535ABD}.Release|Any CPU.Build.0 = Release|Any CPU
	EndGlobalSection
	GlobalSection(SolutionProperties) = preSolution
		HideSolutionNode = FALSE
	EndGlobalSection
	GlobalSection(ExtensibilityGlobals) = postSolution
		SolutionGuid = {4FF1E65A-7DC5-48A9-BD23-35E53DFCF414}
	EndGlobalSection
EndGlobal
